{
	"requires": true,
	"lockfileVersion": 1,
	"dependencies": {
		"@reggi/journey.coerce-to-array": {
			"version": "file:../journey.coerce-to-array"
		},
		"@reggi/journey.fn-free": {
			"version": "file:../journey.fn-free",
			"requires": {
				"@reggi/journey.is-promise": "file:../journey.is-promise",
				"babel-runtime": "6.26.0"
			},
			"dependencies": {
				"@reggi/journey.is-promise": {
					"version": "file:../journey.is-promise",
					"bundled": true
				},
				"babel-runtime": {
					"version": "6.26.0",
					"bundled": true,
					"requires": {
						"core-js": "2.5.3",
						"regenerator-runtime": "0.11.1"
					}
				},
				"core-js": {
					"version": "2.5.3",
					"bundled": true
				},
				"regenerator-runtime": {
					"version": "0.11.1",
					"bundled": true
				}
			}
		},
		"@reggi/journey.fn-reduce": {
			"version": "file:../journey.fn-reduce",
			"requires": {
				"@reggi/journey.coerce-to-plain-object": "file:../journey.coerce-to-plain-object",
				"@reggi/journey.is-promise": "file:../journey.is-promise",
				"@reggi/journey.pass-thru": "file:../journey.pass-thru"
			},
			"dependencies": {
				"@reggi/journey.coerce-to-plain-object": {
					"version": "file:../journey.coerce-to-plain-object",
					"bundled": true
				},
				"@reggi/journey.is-promise": {
					"version": "file:../journey.is-promise",
					"bundled": true
				},
				"@reggi/journey.pass-thru": {
					"version": "file:../journey.pass-thru",
					"bundled": true,
					"requires": {
						"@reggi/journey.is-promise": "file:../journey.is-promise",
						"sort-package-json": "1.11.0"
					},
					"dependencies": {
						"@reggi/journey.is-promise": {
							"version": "file:../journey.is-promise",
							"bundled": true
						},
						"sort-object-keys": {
							"version": "1.1.2",
							"bundled": true
						},
						"sort-package-json": {
							"version": "1.11.0",
							"bundled": true,
							"requires": {
								"sort-object-keys": "1.1.2"
							}
						}
					}
				}
			}
		}
	}
}
